
Microsoft Visual Studio Solution File, Format Version 12.00
# Visual Studio Version 17
VisualStudioVersion = 17.8.34330.188
MinimumVisualStudioVersion = 10.0.40219.1
Project("{FAE04EC0-301F-11D3-BF4B-00C04F79EFBC}") = "Threadpools basis day 1", "Threadpools basis day 1\Threadpools basis day 1.csproj", "{C06D92BE-CFB6-4DE6-BE37-BB01037DBE50}"
EndProject
Global
	GlobalSection(SolutionConfigurationPlatforms) = preSolution
		Debug|Any CPU = Debug|Any CPU
		Release|Any CPU = Release|Any CPU
	EndGlobalSection
	GlobalSection(ProjectConfigurationPlatforms) = postSolution
		{C06D92BE-CFB6-4DE6-BE37-BB01037DBE50}.Debug|Any CPU.ActiveCfg = Debug|Any CPU
		{C06D92BE-CFB6-4DE6-BE37-BB01037DBE50}.Debug|Any CPU.Build.0 = Debug|Any CPU
		{C06D92BE-CFB6-4DE6-BE37-BB01037DBE50}.Release|Any CPU.ActiveCfg = Release|Any CPU
		{C06D92BE-CFB6-4DE6-BE37-BB01037DBE50}.Release|Any CPU.Build.0 = Release|Any CPU
	EndGlobalSection
	GlobalSection(SolutionProperties) = preSolution
		HideSolutionNode = FALSE
	EndGlobalSection
	GlobalSection(ExtensibilityGlobals) = postSolution
		SolutionGuid = {4366C0E5-2AAE-413C-B227-3E90C7582B95}
	EndGlobalSection
EndGlobal
